
Microsoft Visual Studio Solution File, Format Version 12.00
# Visual Studio 2013
VisualStudioVersion = 12.0.40629.0
MinimumVisualStudioVersion = 10.0.40219.1
Project("{FAE04EC0-301F-11D3-BF4B-00C04F79EFBC}") = "HtmlGenerator", "src\HtmlGenerator\HtmlGenerator.csproj", "{3CB763A5-A0C0-46B0-AEF5-020E731253C2}"
EndProject
Project("{FAE04EC0-301F-11D3-BF4B-00C04F79EFBC}") = "SourceIndexServer", "src\SourceIndexServer\SourceIndexServer.csproj", "{1AE38CC6-18C6-4AB7-8FE3-FEEB33329952}"
EndProject
Project("{FAE04EC0-301F-11D3-BF4B-00C04F79EFBC}") = "HtmlGenerator.Tests", "src\HtmlGenerator.Tests\HtmlGenerator.Tests.csproj", "{609FD601-68F1-44DD-A5A9-0F57099C2677}"
EndProject
Project("{FAE04EC0-301F-11D3-BF4B-00C04F79EFBC}") = "SourceIndexServer.Tests", "src\SourceIndexServer.Tests\SourceIndexServer.Tests.csproj", "{B9F60322-17E2-46BF-A98A-467F1D6A8469}"
EndProject
Project("{FAE04EC0-301F-11D3-BF4B-00C04F79EFBC}") = "BuildLogParser", "src\BuildLogParser\BuildLogParser.csproj", "{57002F26-8D15-4CF7-A53D-61AE8CC5E836}"
EndProject
Project("{FAE04EC0-301F-11D3-BF4B-00C04F79EFBC}") = "Common", "src\Common\Common.csproj", "{F13CD277-E86B-4BC6-9E93-39ED055A46DB}"
EndProject
Project("{2150E333-8FDC-42A3-9474-1A3956D46DE8}") = "Solution Items", "Solution Items", "{159081F8-9DBB-48F4-8D7A-D7717C7C8675}"
	ProjectSection(SolutionItems) = preProject
		build.cmd = build.cmd
		Common.props = Common.props
		Common.targets = Common.targets
		NuGet.config = NuGet.config
		README.md = README.md
		web\web.cmd = web\web.cmd
	EndProjectSection
EndProject
Project("{2150E333-8FDC-42A3-9474-1A3956D46DE8}") = "Lang", "Lang", "{A3C1EB42-C022-4D26-9EAF-AD0D2275E71C}"
	ProjectSection(SolutionItems) = preProject
		src\Microsoft.Language.Xml\README.md = src\Microsoft.Language.Xml\README.md
	EndProjectSection
EndProject
Project("{FAE04EC0-301F-11D3-BF4B-00C04F79EFBC}") = "Microsoft.Language.Xml", "src\Microsoft.Language.Xml\Microsoft.Language.Xml.csproj", "{2989FBE6-194F-46C9-8EF4-022F62519C9A}"
EndProject
Project("{FAE04EC0-301F-11D3-BF4B-00C04F79EFBC}") = "MSBuildWorkspace", "src\MSBuildWorkspace\MSBuildWorkspace.csproj", "{DB2606B1-BD79-4E37-88F3-14AD339FD048}"
EndProject
Project("{FAE04EC0-301F-11D3-BF4B-00C04F79EFBC}") = "Microsoft.Build.Framework", "..\msbuild\src\Framework\Microsoft.Build.Framework.csproj", "{571F09DB-A81A-4444-945C-6F7B530054CD}"
EndProject
Project("{FAE04EC0-301F-11D3-BF4B-00C04F79EFBC}") = "MSBuild", "..\msbuild\src\XMakeCommandLine\MSBuild.csproj", "{23C9FD0E-70C5-4F1F-B08A-D2774240FB51}"
EndProject
Project("{FAE04EC0-301F-11D3-BF4B-00C04F79EFBC}") = "Microsoft.Build", "..\msbuild\src\XMakeBuildEngine\Microsoft.Build.csproj", "{16CD7635-7CF4-4C62-A77B-CF87D0F09A58}"
EndProject
Project("{FAE04EC0-301F-11D3-BF4B-00C04F79EFBC}") = "CodeAnalysis", "src\Compilers\Core\Portable\CodeAnalysis.csproj", "{1EE8CAD3-55F9-4D91-96B2-084641DA9A6C}"
EndProject
Project("{FAE04EC0-301F-11D3-BF4B-00C04F79EFBC}") = "Workspaces", "src\Workspaces\Core\Portable\Workspaces.csproj", "{5F8D2414-064A-4B3A-9B42-8E2A04246BE5}"
EndProject
Project("{2150E333-8FDC-42A3-9474-1A3956D46DE8}") = "Roslyn", "Roslyn", "{B00AD021-D423-4DBA-BE2E-9D8F16DECB53}"
	ProjectSection(SolutionItems) = preProject
		build\Targets\Settings.targets = build\Targets\Settings.targets
		build\Targets\VSL.Imports.targets = build\Targets\VSL.Imports.targets
		build\Targets\VSL.Settings.targets = build\Targets\VSL.Settings.targets
		build\Targets\VSL.Versions.targets = build\Targets\VSL.Versions.targets
	EndProjectSection
EndProject
Project("{FAE04EC0-301F-11D3-BF4B-00C04F79EFBC}") = "Workspaces.Desktop", "src\Workspaces\Core\Desktop\Workspaces.Desktop.csproj", "{2E87FA96-50BB-4607-8676-46521599F998}"
EndProject
Global
	GlobalSection(SharedMSBuildProjectFiles) = preSolution
		src\Compilers\Core\SharedCollections\SharedCollections.projitems*{5f8d2414-064a-4b3a-9b42-8e2a04246be5}*SharedItemsImports = 4
		src\Compilers\Core\AnalyzerDriver\AnalyzerDriver.projitems*{1ee8cad3-55f9-4d91-96b2-084641da9a6c}*SharedItemsImports = 4
		src\Compilers\Core\SharedCollections\SharedCollections.projitems*{1ee8cad3-55f9-4d91-96b2-084641da9a6c}*SharedItemsImports = 4
	EndGlobalSection
	GlobalSection(SolutionConfigurationPlatforms) = preSolution
		Debug|Any CPU = Debug|Any CPU
		Debug|x64 = Debug|x64
		Debug|x86 = Debug|x86
		DebugWeb|Any CPU = DebugWeb|Any CPU
		DebugWeb|x64 = DebugWeb|x64
		DebugWeb|x86 = DebugWeb|x86
		Release|Any CPU = Release|Any CPU
		Release|x64 = Release|x64
		Release|x86 = Release|x86
	EndGlobalSection
	GlobalSection(ProjectConfigurationPlatforms) = postSolution
		{3CB763A5-A0C0-46B0-AEF5-020E731253C2}.Debug|Any CPU.ActiveCfg = Debug|Any CPU
		{3CB763A5-A0C0-46B0-AEF5-020E731253C2}.Debug|Any CPU.Build.0 = Debug|Any CPU
		{3CB763A5-A0C0-46B0-AEF5-020E731253C2}.Debug|x64.ActiveCfg = Debug|x64
		{3CB763A5-A0C0-46B0-AEF5-020E731253C2}.Debug|x64.Build.0 = Debug|x64
		{3CB763A5-A0C0-46B0-AEF5-020E731253C2}.Debug|x86.ActiveCfg = Debug|Any CPU
		{3CB763A5-A0C0-46B0-AEF5-020E731253C2}.DebugWeb|Any CPU.ActiveCfg = Debug|Any CPU
		{3CB763A5-A0C0-46B0-AEF5-020E731253C2}.DebugWeb|Any CPU.Build.0 = Debug|Any CPU
		{3CB763A5-A0C0-46B0-AEF5-020E731253C2}.DebugWeb|x64.ActiveCfg = Debug|x64
		{3CB763A5-A0C0-46B0-AEF5-020E731253C2}.DebugWeb|x64.Build.0 = Debug|x64
		{3CB763A5-A0C0-46B0-AEF5-020E731253C2}.DebugWeb|x86.ActiveCfg = DebugWeb|Any CPU
		{3CB763A5-A0C0-46B0-AEF5-020E731253C2}.Release|Any CPU.ActiveCfg = Release|Any CPU
		{3CB763A5-A0C0-46B0-AEF5-020E731253C2}.Release|Any CPU.Build.0 = Release|Any CPU
		{3CB763A5-A0C0-46B0-AEF5-020E731253C2}.Release|x64.ActiveCfg = Release|x64
		{3CB763A5-A0C0-46B0-AEF5-020E731253C2}.Release|x64.Build.0 = Release|x64
		{3CB763A5-A0C0-46B0-AEF5-020E731253C2}.Release|x86.ActiveCfg = Release|Any CPU
		{1AE38CC6-18C6-4AB7-8FE3-FEEB33329952}.Debug|Any CPU.ActiveCfg = Debug|Any CPU
		{1AE38CC6-18C6-4AB7-8FE3-FEEB33329952}.Debug|Any CPU.Build.0 = Debug|Any CPU
		{1AE38CC6-18C6-4AB7-8FE3-FEEB33329952}.Debug|x64.ActiveCfg = Debug|x64
		{1AE38CC6-18C6-4AB7-8FE3-FEEB33329952}.Debug|x64.Build.0 = Debug|x64
		{1AE38CC6-18C6-4AB7-8FE3-FEEB33329952}.Debug|x86.ActiveCfg = Debug|Any CPU
		{1AE38CC6-18C6-4AB7-8FE3-FEEB33329952}.DebugWeb|Any CPU.ActiveCfg = DebugWeb|Any CPU
		{1AE38CC6-18C6-4AB7-8FE3-FEEB33329952}.DebugWeb|Any CPU.Build.0 = DebugWeb|Any CPU
		{1AE38CC6-18C6-4AB7-8FE3-FEEB33329952}.DebugWeb|x64.ActiveCfg = DebugWeb|Any CPU
		{1AE38CC6-18C6-4AB7-8FE3-FEEB33329952}.DebugWeb|x64.Build.0 = DebugWeb|Any CPU
		{1AE38CC6-18C6-4AB7-8FE3-FEEB33329952}.DebugWeb|x86.ActiveCfg = DebugWeb|Any CPU
		{1AE38CC6-18C6-4AB7-8FE3-FEEB33329952}.Release|Any CPU.ActiveCfg = Release|Any CPU
		{1AE38CC6-18C6-4AB7-8FE3-FEEB33329952}.Release|Any CPU.Build.0 = Release|Any CPU
		{1AE38CC6-18C6-4AB7-8FE3-FEEB33329952}.Release|x64.ActiveCfg = Release|x64
		{1AE38CC6-18C6-4AB7-8FE3-FEEB33329952}.Release|x64.Build.0 = Release|x64
		{1AE38CC6-18C6-4AB7-8FE3-FEEB33329952}.Release|x86.ActiveCfg = Release|Any CPU
		{609FD601-68F1-44DD-A5A9-0F57099C2677}.Debug|Any CPU.ActiveCfg = Debug|Any CPU
		{609FD601-68F1-44DD-A5A9-0F57099C2677}.Debug|Any CPU.Build.0 = Debug|Any CPU
		{609FD601-68F1-44DD-A5A9-0F57099C2677}.Debug|x64.ActiveCfg = Debug|Any CPU
		{609FD601-68F1-44DD-A5A9-0F57099C2677}.Debug|x86.ActiveCfg = Debug|Any CPU
		{609FD601-68F1-44DD-A5A9-0F57099C2677}.DebugWeb|Any CPU.ActiveCfg = DebugWeb|Any CPU
		{609FD601-68F1-44DD-A5A9-0F57099C2677}.DebugWeb|Any CPU.Build.0 = DebugWeb|Any CPU
		{609FD601-68F1-44DD-A5A9-0F57099C2677}.DebugWeb|x64.ActiveCfg = DebugWeb|Any CPU
		{609FD601-68F1-44DD-A5A9-0F57099C2677}.DebugWeb|x86.ActiveCfg = DebugWeb|Any CPU
		{609FD601-68F1-44DD-A5A9-0F57099C2677}.Release|Any CPU.ActiveCfg = Release|Any CPU
		{609FD601-68F1-44DD-A5A9-0F57099C2677}.Release|Any CPU.Build.0 = Release|Any CPU
		{609FD601-68F1-44DD-A5A9-0F57099C2677}.Release|x64.ActiveCfg = Release|Any CPU
		{609FD601-68F1-44DD-A5A9-0F57099C2677}.Release|x86.ActiveCfg = Release|Any CPU
		{B9F60322-17E2-46BF-A98A-467F1D6A8469}.Debug|Any CPU.ActiveCfg = Debug|Any CPU
		{B9F60322-17E2-46BF-A98A-467F1D6A8469}.Debug|Any CPU.Build.0 = Debug|Any CPU
		{B9F60322-17E2-46BF-A98A-467F1D6A8469}.Debug|x64.ActiveCfg = Debug|x64
		{B9F60322-17E2-46BF-A98A-467F1D6A8469}.Debug|x64.Build.0 = Debug|x64
		{B9F60322-17E2-46BF-A98A-467F1D6A8469}.Debug|x86.ActiveCfg = Debug|Any CPU
		{B9F60322-17E2-46BF-A98A-467F1D6A8469}.DebugWeb|Any CPU.ActiveCfg = DebugWeb|Any CPU
		{B9F60322-17E2-46BF-A98A-467F1D6A8469}.DebugWeb|Any CPU.Build.0 = DebugWeb|Any CPU
		{B9F60322-17E2-46BF-A98A-467F1D6A8469}.DebugWeb|x64.ActiveCfg = Debug|Any CPU
		{B9F60322-17E2-46BF-A98A-467F1D6A8469}.DebugWeb|x64.Build.0 = Debug|Any CPU
		{B9F60322-17E2-46BF-A98A-467F1D6A8469}.DebugWeb|x86.ActiveCfg = DebugWeb|Any CPU
		{B9F60322-17E2-46BF-A98A-467F1D6A8469}.Release|Any CPU.ActiveCfg = Release|Any CPU
		{B9F60322-17E2-46BF-A98A-467F1D6A8469}.Release|Any CPU.Build.0 = Release|Any CPU
		{B9F60322-17E2-46BF-A98A-467F1D6A8469}.Release|x64.ActiveCfg = Release|x64
		{B9F60322-17E2-46BF-A98A-467F1D6A8469}.Release|x64.Build.0 = Release|x64
		{B9F60322-17E2-46BF-A98A-467F1D6A8469}.Release|x86.ActiveCfg = Release|Any CPU
		{57002F26-8D15-4CF7-A53D-61AE8CC5E836}.Debug|Any CPU.ActiveCfg = Debug|Any CPU
		{57002F26-8D15-4CF7-A53D-61AE8CC5E836}.Debug|Any CPU.Build.0 = Debug|Any CPU
		{57002F26-8D15-4CF7-A53D-61AE8CC5E836}.Debug|x64.ActiveCfg = Debug|x64
		{57002F26-8D15-4CF7-A53D-61AE8CC5E836}.Debug|x64.Build.0 = Debug|x64
		{57002F26-8D15-4CF7-A53D-61AE8CC5E836}.Debug|x86.ActiveCfg = Debug|Any CPU
		{57002F26-8D15-4CF7-A53D-61AE8CC5E836}.DebugWeb|Any CPU.ActiveCfg = Debug|Any CPU
		{57002F26-8D15-4CF7-A53D-61AE8CC5E836}.DebugWeb|Any CPU.Build.0 = Debug|Any CPU
		{57002F26-8D15-4CF7-A53D-61AE8CC5E836}.DebugWeb|x64.ActiveCfg = Debug|x64
		{57002F26-8D15-4CF7-A53D-61AE8CC5E836}.DebugWeb|x64.Build.0 = Debug|x64
		{57002F26-8D15-4CF7-A53D-61AE8CC5E836}.DebugWeb|x86.ActiveCfg = DebugWeb|Any CPU
		{57002F26-8D15-4CF7-A53D-61AE8CC5E836}.Release|Any CPU.ActiveCfg = Release|Any CPU
		{57002F26-8D15-4CF7-A53D-61AE8CC5E836}.Release|Any CPU.Build.0 = Release|Any CPU
		{57002F26-8D15-4CF7-A53D-61AE8CC5E836}.Release|x64.ActiveCfg = Release|x64
		{57002F26-8D15-4CF7-A53D-61AE8CC5E836}.Release|x64.Build.0 = Release|x64
		{57002F26-8D15-4CF7-A53D-61AE8CC5E836}.Release|x86.ActiveCfg = Release|Any CPU
		{F13CD277-E86B-4BC6-9E93-39ED055A46DB}.Debug|Any CPU.ActiveCfg = Debug|Any CPU
		{F13CD277-E86B-4BC6-9E93-39ED055A46DB}.Debug|Any CPU.Build.0 = Debug|Any CPU
		{F13CD277-E86B-4BC6-9E93-39ED055A46DB}.Debug|x64.ActiveCfg = Debug|x64
		{F13CD277-E86B-4BC6-9E93-39ED055A46DB}.Debug|x64.Build.0 = Debug|x64
		{F13CD277-E86B-4BC6-9E93-39ED055A46DB}.Debug|x86.ActiveCfg = Debug|Any CPU
		{F13CD277-E86B-4BC6-9E93-39ED055A46DB}.DebugWeb|Any CPU.ActiveCfg = Debug|Any CPU
		{F13CD277-E86B-4BC6-9E93-39ED055A46DB}.DebugWeb|Any CPU.Build.0 = Debug|Any CPU
		{F13CD277-E86B-4BC6-9E93-39ED055A46DB}.DebugWeb|x64.ActiveCfg = Debug|x64
		{F13CD277-E86B-4BC6-9E93-39ED055A46DB}.DebugWeb|x64.Build.0 = Debug|x64
		{F13CD277-E86B-4BC6-9E93-39ED055A46DB}.DebugWeb|x86.ActiveCfg = DebugWeb|Any CPU
		{F13CD277-E86B-4BC6-9E93-39ED055A46DB}.Release|Any CPU.ActiveCfg = Release|Any CPU
		{F13CD277-E86B-4BC6-9E93-39ED055A46DB}.Release|Any CPU.Build.0 = Release|Any CPU
		{F13CD277-E86B-4BC6-9E93-39ED055A46DB}.Release|x64.ActiveCfg = Release|x64
		{F13CD277-E86B-4BC6-9E93-39ED055A46DB}.Release|x64.Build.0 = Release|x64
		{F13CD277-E86B-4BC6-9E93-39ED055A46DB}.Release|x86.ActiveCfg = Release|Any CPU
		{2989FBE6-194F-46C9-8EF4-022F62519C9A}.Debug|Any CPU.ActiveCfg = Debug|Any CPU
		{2989FBE6-194F-46C9-8EF4-022F62519C9A}.Debug|Any CPU.Build.0 = Debug|Any CPU
		{2989FBE6-194F-46C9-8EF4-022F62519C9A}.Debug|x64.ActiveCfg = Debug|x64
		{2989FBE6-194F-46C9-8EF4-022F62519C9A}.Debug|x64.Build.0 = Debug|x64
		{2989FBE6-194F-46C9-8EF4-022F62519C9A}.Debug|x86.ActiveCfg = Debug|Any CPU
		{2989FBE6-194F-46C9-8EF4-022F62519C9A}.DebugWeb|Any CPU.ActiveCfg = DebugWeb|Any CPU
		{2989FBE6-194F-46C9-8EF4-022F62519C9A}.DebugWeb|Any CPU.Build.0 = DebugWeb|Any CPU
		{2989FBE6-194F-46C9-8EF4-022F62519C9A}.DebugWeb|x64.ActiveCfg = Debug|x64
		{2989FBE6-194F-46C9-8EF4-022F62519C9A}.DebugWeb|x64.Build.0 = Debug|x64
		{2989FBE6-194F-46C9-8EF4-022F62519C9A}.DebugWeb|x86.ActiveCfg = DebugWeb|Any CPU
		{2989FBE6-194F-46C9-8EF4-022F62519C9A}.Release|Any CPU.ActiveCfg = Release|Any CPU
		{2989FBE6-194F-46C9-8EF4-022F62519C9A}.Release|Any CPU.Build.0 = Release|Any CPU
		{2989FBE6-194F-46C9-8EF4-022F62519C9A}.Release|x64.ActiveCfg = Release|x64
		{2989FBE6-194F-46C9-8EF4-022F62519C9A}.Release|x64.Build.0 = Release|x64
		{2989FBE6-194F-46C9-8EF4-022F62519C9A}.Release|x86.ActiveCfg = Release|Any CPU
		{DB2606B1-BD79-4E37-88F3-14AD339FD048}.Debug|Any CPU.ActiveCfg = Debug|Any CPU
		{DB2606B1-BD79-4E37-88F3-14AD339FD048}.Debug|Any CPU.Build.0 = Debug|Any CPU
		{DB2606B1-BD79-4E37-88F3-14AD339FD048}.Debug|x64.ActiveCfg = Debug|Any CPU
		{DB2606B1-BD79-4E37-88F3-14AD339FD048}.Debug|x86.ActiveCfg = Debug|Any CPU
		{DB2606B1-BD79-4E37-88F3-14AD339FD048}.DebugWeb|Any CPU.ActiveCfg = Debug|Any CPU
		{DB2606B1-BD79-4E37-88F3-14AD339FD048}.DebugWeb|Any CPU.Build.0 = Debug|Any CPU
		{DB2606B1-BD79-4E37-88F3-14AD339FD048}.DebugWeb|x64.ActiveCfg = Debug|Any CPU
		{DB2606B1-BD79-4E37-88F3-14AD339FD048}.DebugWeb|x86.ActiveCfg = Debug|Any CPU
		{DB2606B1-BD79-4E37-88F3-14AD339FD048}.Release|Any CPU.ActiveCfg = Release|Any CPU
		{DB2606B1-BD79-4E37-88F3-14AD339FD048}.Release|Any CPU.Build.0 = Release|Any CPU
		{DB2606B1-BD79-4E37-88F3-14AD339FD048}.Release|x64.ActiveCfg = Release|Any CPU
		{DB2606B1-BD79-4E37-88F3-14AD339FD048}.Release|x86.ActiveCfg = Release|Any CPU
		{571F09DB-A81A-4444-945C-6F7B530054CD}.Debug|Any CPU.ActiveCfg = Debug|Any CPU
		{571F09DB-A81A-4444-945C-6F7B530054CD}.Debug|Any CPU.Build.0 = Debug|Any CPU
		{571F09DB-A81A-4444-945C-6F7B530054CD}.Debug|x64.ActiveCfg = Debug|Any CPU
		{571F09DB-A81A-4444-945C-6F7B530054CD}.Debug|x86.ActiveCfg = Debug|Any CPU
		{571F09DB-A81A-4444-945C-6F7B530054CD}.DebugWeb|Any CPU.ActiveCfg = Debug|Any CPU
		{571F09DB-A81A-4444-945C-6F7B530054CD}.DebugWeb|Any CPU.Build.0 = Debug|Any CPU
		{571F09DB-A81A-4444-945C-6F7B530054CD}.DebugWeb|x64.ActiveCfg = Debug|Any CPU
		{571F09DB-A81A-4444-945C-6F7B530054CD}.DebugWeb|x86.ActiveCfg = Debug|Any CPU
		{571F09DB-A81A-4444-945C-6F7B530054CD}.Release|Any CPU.ActiveCfg = Release|Any CPU
		{571F09DB-A81A-4444-945C-6F7B530054CD}.Release|Any CPU.Build.0 = Release|Any CPU
		{571F09DB-A81A-4444-945C-6F7B530054CD}.Release|x64.ActiveCfg = Release|Any CPU
		{571F09DB-A81A-4444-945C-6F7B530054CD}.Release|x86.ActiveCfg = Release|Any CPU
		{23C9FD0E-70C5-4F1F-B08A-D2774240FB51}.Debug|Any CPU.ActiveCfg = Debug|Any CPU
		{23C9FD0E-70C5-4F1F-B08A-D2774240FB51}.Debug|Any CPU.Build.0 = Debug|Any CPU
		{23C9FD0E-70C5-4F1F-B08A-D2774240FB51}.Debug|x64.ActiveCfg = Debug|x64
		{23C9FD0E-70C5-4F1F-B08A-D2774240FB51}.Debug|x64.Build.0 = Debug|x64
		{23C9FD0E-70C5-4F1F-B08A-D2774240FB51}.Debug|x86.ActiveCfg = Debug|x86
		{23C9FD0E-70C5-4F1F-B08A-D2774240FB51}.Debug|x86.Build.0 = Debug|x86
		{23C9FD0E-70C5-4F1F-B08A-D2774240FB51}.DebugWeb|Any CPU.ActiveCfg = Debug|Any CPU
		{23C9FD0E-70C5-4F1F-B08A-D2774240FB51}.DebugWeb|Any CPU.Build.0 = Debug|Any CPU
		{23C9FD0E-70C5-4F1F-B08A-D2774240FB51}.DebugWeb|x64.ActiveCfg = Debug|x64
		{23C9FD0E-70C5-4F1F-B08A-D2774240FB51}.DebugWeb|x64.Build.0 = Debug|x64
		{23C9FD0E-70C5-4F1F-B08A-D2774240FB51}.DebugWeb|x86.ActiveCfg = Debug|x86
		{23C9FD0E-70C5-4F1F-B08A-D2774240FB51}.DebugWeb|x86.Build.0 = Debug|x86
		{23C9FD0E-70C5-4F1F-B08A-D2774240FB51}.Release|Any CPU.ActiveCfg = Release|Any CPU
		{23C9FD0E-70C5-4F1F-B08A-D2774240FB51}.Release|Any CPU.Build.0 = Release|Any CPU
		{23C9FD0E-70C5-4F1F-B08A-D2774240FB51}.Release|x64.ActiveCfg = Release|x64
		{23C9FD0E-70C5-4F1F-B08A-D2774240FB51}.Release|x64.Build.0 = Release|x64
		{23C9FD0E-70C5-4F1F-B08A-D2774240FB51}.Release|x86.ActiveCfg = Release|x86
		{23C9FD0E-70C5-4F1F-B08A-D2774240FB51}.Release|x86.Build.0 = Release|x86
		{16CD7635-7CF4-4C62-A77B-CF87D0F09A58}.Debug|Any CPU.ActiveCfg = Debug|Any CPU
		{16CD7635-7CF4-4C62-A77B-CF87D0F09A58}.Debug|Any CPU.Build.0 = Debug|Any CPU
		{16CD7635-7CF4-4C62-A77B-CF87D0F09A58}.Debug|x64.ActiveCfg = Debug|Any CPU
		{16CD7635-7CF4-4C62-A77B-CF87D0F09A58}.Debug|x86.ActiveCfg = Debug|Any CPU
		{16CD7635-7CF4-4C62-A77B-CF87D0F09A58}.DebugWeb|Any CPU.ActiveCfg = Debug|Any CPU
		{16CD7635-7CF4-4C62-A77B-CF87D0F09A58}.DebugWeb|Any CPU.Build.0 = Debug|Any CPU
		{16CD7635-7CF4-4C62-A77B-CF87D0F09A58}.DebugWeb|x64.ActiveCfg = Debug|Any CPU
		{16CD7635-7CF4-4C62-A77B-CF87D0F09A58}.DebugWeb|x86.ActiveCfg = Debug|Any CPU
		{16CD7635-7CF4-4C62-A77B-CF87D0F09A58}.Release|Any CPU.ActiveCfg = Release|Any CPU
		{16CD7635-7CF4-4C62-A77B-CF87D0F09A58}.Release|Any CPU.Build.0 = Release|Any CPU
		{16CD7635-7CF4-4C62-A77B-CF87D0F09A58}.Release|x64.ActiveCfg = Release|Any CPU
		{16CD7635-7CF4-4C62-A77B-CF87D0F09A58}.Release|x86.ActiveCfg = Release|Any CPU
		{1EE8CAD3-55F9-4D91-96B2-084641DA9A6C}.Debug|Any CPU.ActiveCfg = Debug|Any CPU
		{1EE8CAD3-55F9-4D91-96B2-084641DA9A6C}.Debug|Any CPU.Build.0 = Debug|Any CPU
		{1EE8CAD3-55F9-4D91-96B2-084641DA9A6C}.Debug|x64.ActiveCfg = Debug|x64
		{1EE8CAD3-55F9-4D91-96B2-084641DA9A6C}.Debug|x64.Build.0 = Debug|x64
		{1EE8CAD3-55F9-4D91-96B2-084641DA9A6C}.Debug|x86.ActiveCfg = Debug|Any CPU
		{1EE8CAD3-55F9-4D91-96B2-084641DA9A6C}.DebugWeb|Any CPU.ActiveCfg = Debug|Any CPU
		{1EE8CAD3-55F9-4D91-96B2-084641DA9A6C}.DebugWeb|Any CPU.Build.0 = Debug|Any CPU
		{1EE8CAD3-55F9-4D91-96B2-084641DA9A6C}.DebugWeb|x64.ActiveCfg = Debug|x64
		{1EE8CAD3-55F9-4D91-96B2-084641DA9A6C}.DebugWeb|x64.Build.0 = Debug|x64
		{1EE8CAD3-55F9-4D91-96B2-084641DA9A6C}.DebugWeb|x86.ActiveCfg = Debug|Any CPU
		{1EE8CAD3-55F9-4D91-96B2-084641DA9A6C}.Release|Any CPU.ActiveCfg = Release|Any CPU
		{1EE8CAD3-55F9-4D91-96B2-084641DA9A6C}.Release|Any CPU.Build.0 = Release|Any CPU
		{1EE8CAD3-55F9-4D91-96B2-084641DA9A6C}.Release|x64.ActiveCfg = Release|x64
		{1EE8CAD3-55F9-4D91-96B2-084641DA9A6C}.Release|x64.Build.0 = Release|x64
		{1EE8CAD3-55F9-4D91-96B2-084641DA9A6C}.Release|x86.ActiveCfg = Release|Any CPU
		{5F8D2414-064A-4B3A-9B42-8E2A04246BE5}.Debug|Any CPU.ActiveCfg = Debug|Any CPU
		{5F8D2414-064A-4B3A-9B42-8E2A04246BE5}.Debug|Any CPU.Build.0 = Debug|Any CPU
		{5F8D2414-064A-4B3A-9B42-8E2A04246BE5}.Debug|x64.ActiveCfg = Debug|Any CPU
		{5F8D2414-064A-4B3A-9B42-8E2A04246BE5}.Debug|x86.ActiveCfg = Debug|Any CPU
		{5F8D2414-064A-4B3A-9B42-8E2A04246BE5}.DebugWeb|Any CPU.ActiveCfg = Debug|Any CPU
		{5F8D2414-064A-4B3A-9B42-8E2A04246BE5}.DebugWeb|Any CPU.Build.0 = Debug|Any CPU
		{5F8D2414-064A-4B3A-9B42-8E2A04246BE5}.DebugWeb|x64.ActiveCfg = Debug|Any CPU
		{5F8D2414-064A-4B3A-9B42-8E2A04246BE5}.DebugWeb|x86.ActiveCfg = Debug|Any CPU
		{5F8D2414-064A-4B3A-9B42-8E2A04246BE5}.Release|Any CPU.ActiveCfg = Release|Any CPU
		{5F8D2414-064A-4B3A-9B42-8E2A04246BE5}.Release|Any CPU.Build.0 = Release|Any CPU
		{5F8D2414-064A-4B3A-9B42-8E2A04246BE5}.Release|x64.ActiveCfg = Release|Any CPU
		{5F8D2414-064A-4B3A-9B42-8E2A04246BE5}.Release|x86.ActiveCfg = Release|Any CPU
		{2E87FA96-50BB-4607-8676-46521599F998}.Debug|Any CPU.ActiveCfg = Debug|Any CPU
		{2E87FA96-50BB-4607-8676-46521599F998}.Debug|Any CPU.Build.0 = Debug|Any CPU
		{2E87FA96-50BB-4607-8676-46521599F998}.Debug|x64.ActiveCfg = Debug|Any CPU
		{2E87FA96-50BB-4607-8676-46521599F998}.Debug|x86.ActiveCfg = Debug|Any CPU
		{2E87FA96-50BB-4607-8676-46521599F998}.DebugWeb|Any CPU.ActiveCfg = Debug|Any CPU
		{2E87FA96-50BB-4607-8676-46521599F998}.DebugWeb|Any CPU.Build.0 = Debug|Any CPU
		{2E87FA96-50BB-4607-8676-46521599F998}.DebugWeb|x64.ActiveCfg = Debug|Any CPU
		{2E87FA96-50BB-4607-8676-46521599F998}.DebugWeb|x86.ActiveCfg = Debug|Any CPU
		{2E87FA96-50BB-4607-8676-46521599F998}.Release|Any CPU.ActiveCfg = Release|Any CPU
		{2E87FA96-50BB-4607-8676-46521599F998}.Release|Any CPU.Build.0 = Release|Any CPU
		{2E87FA96-50BB-4607-8676-46521599F998}.Release|x64.ActiveCfg = Release|Any CPU
		{2E87FA96-50BB-4607-8676-46521599F998}.Release|x86.ActiveCfg = Release|Any CPU
	EndGlobalSection
	GlobalSection(SolutionProperties) = preSolution
		HideSolutionNode = FALSE
	EndGlobalSection
	GlobalSection(NestedProjects) = preSolution
		{57002F26-8D15-4CF7-A53D-61AE8CC5E836} = {A3C1EB42-C022-4D26-9EAF-AD0D2275E71C}
		{F13CD277-E86B-4BC6-9E93-39ED055A46DB} = {A3C1EB42-C022-4D26-9EAF-AD0D2275E71C}
		{2989FBE6-194F-46C9-8EF4-022F62519C9A} = {A3C1EB42-C022-4D26-9EAF-AD0D2275E71C}
		{DB2606B1-BD79-4E37-88F3-14AD339FD048} = {A3C1EB42-C022-4D26-9EAF-AD0D2275E71C}
		{571F09DB-A81A-4444-945C-6F7B530054CD} = {A3C1EB42-C022-4D26-9EAF-AD0D2275E71C}
		{23C9FD0E-70C5-4F1F-B08A-D2774240FB51} = {A3C1EB42-C022-4D26-9EAF-AD0D2275E71C}
		{16CD7635-7CF4-4C62-A77B-CF87D0F09A58} = {A3C1EB42-C022-4D26-9EAF-AD0D2275E71C}
		{1EE8CAD3-55F9-4D91-96B2-084641DA9A6C} = {B00AD021-D423-4DBA-BE2E-9D8F16DECB53}
		{5F8D2414-064A-4B3A-9B42-8E2A04246BE5} = {B00AD021-D423-4DBA-BE2E-9D8F16DECB53}
		{B00AD021-D423-4DBA-BE2E-9D8F16DECB53} = {A3C1EB42-C022-4D26-9EAF-AD0D2275E71C}
		{2E87FA96-50BB-4607-8676-46521599F998} = {B00AD021-D423-4DBA-BE2E-9D8F16DECB53}
	EndGlobalSection
EndGlobal
