
Microsoft Visual Studio Solution File, Format Version 12.00
# Visual Studio 15
VisualStudioVersion = 15.0.26228.9
MinimumVisualStudioVersion = 10.0.40219.1
Project("{2150E333-8FDC-42A3-9474-1A3956D46DE8}") = "Solution Items", "Solution Items", "{29BB0009-BA18-4770-A090-EDB1C7C5BE95}"
	ProjectSection(SolutionItems) = preProject
		build.cmd = build.cmd
		gen.cmd = gen.cmd
		global.json = global.json
		NuGet.config = NuGet.config
		README.md = README.md
		run.cmd = run.cmd
		web.cmd = web.cmd
	EndProjectSection
EndProject
Project("{FAE04EC0-301F-11D3-BF4B-00C04F79EFBC}") = "HtmlGenerator.TestsSrc", "..\src\HtmlGenerator.Tests\HtmlGenerator.TestsSrc.csproj", "{4EDEE974-055C-455E-866F-4BDCB734CB59}"
EndProject
Project("{9A19103F-16F7-4668-BE54-9A1E7A4F7556}") = "CommonSrc", "..\src\Common\CommonSrc.csproj", "{081AC4CD-BD84-4B09-8059-2628E42D3E3E}"
EndProject
Project("{9A19103F-16F7-4668-BE54-9A1E7A4F7556}") = "SourceIndexServer", "..\src\SourceIndexServer\SourceIndexServer.csproj", "{227EA85B-C726-4D45-A2DC-17DE4B028B2E}"
EndProject
Project("{9A19103F-16F7-4668-BE54-9A1E7A4F7556}") = "MEF", "..\src\MEF\MEF.csproj", "{6912E728-5B33-4E9A-84D5-2D77CF816979}"
EndProject
Project("{9A19103F-16F7-4668-BE54-9A1E7A4F7556}") = "Json", "Newtonsoft.Json\Json.csproj", "{2C9EFF3B-4427-4919-B65E-4E3BD7707F64}"
EndProject
Project("{2150E333-8FDC-42A3-9474-1A3956D46DE8}") = "dll", "dll", "{7418D6A2-76AA-451D-A710-0F25AF869594}"
EndProject
Project("{9A19103F-16F7-4668-BE54-9A1E7A4F7556}") = "Microsoft.Build.Execution", "Microsoft.Build.Execution\Microsoft.Build.Execution.csproj", "{71F79DF7-7AEA-4330-AD29-B8AE506A863C}"
EndProject
Project("{9A19103F-16F7-4668-BE54-9A1E7A4F7556}") = "Microsoft.CodeAnalysis", "Microsoft.CodeAnalysis\Microsoft.CodeAnalysis.csproj", "{C9F8B812-AF03-4FC3-A221-B1396887F0BA}"
EndProject
Project("{9A19103F-16F7-4668-BE54-9A1E7A4F7556}") = "SystemX", "System\SystemX.csproj", "{1674BCD0-7FEE-436B-82CA-331B359F2BBF}"
EndProject
Project("{9A19103F-16F7-4668-BE54-9A1E7A4F7556}") = "System.Collections.Immutable", "System.Collections.Immutable\System.Collections.Immutable.csproj", "{C85DB6E9-F085-4E23-8BD6-F0636DF0FBCA}"
EndProject
Project("{9A19103F-16F7-4668-BE54-9A1E7A4F7556}") = "System.Composition", "System.Composition\System.Composition.csproj", "{4B1B6CAD-CE69-48B4-B9E1-1119867ECF35}"
EndProject
Project("{9A19103F-16F7-4668-BE54-9A1E7A4F7556}") = "System.ReflectionSrc", "System.Reflection\System.ReflectionSrc.csproj", "{F950B94C-F043-45D6-A6CA-2760EA928635}"
EndProject
Project("{9A19103F-16F7-4668-BE54-9A1E7A4F7556}") = "HtmlGeneratorSrc", "HtmlGen\HtmlGeneratorSrc.csproj", "{102C68F0-1BFB-4695-90F5-9DE347DEAD35}"
EndProject
Global
	GlobalSection(SolutionConfigurationPlatforms) = preSolution
		Debug|Any CPU = Debug|Any CPU
		Release|Any CPU = Release|Any CPU
	EndGlobalSection
	GlobalSection(ProjectConfigurationPlatforms) = postSolution
		{4EDEE974-055C-455E-866F-4BDCB734CB59}.Debug|Any CPU.ActiveCfg = Debug|Any CPU
		{4EDEE974-055C-455E-866F-4BDCB734CB59}.Debug|Any CPU.Build.0 = Debug|Any CPU
		{4EDEE974-055C-455E-866F-4BDCB734CB59}.Release|Any CPU.ActiveCfg = Debug|Any CPU
		{4EDEE974-055C-455E-866F-4BDCB734CB59}.Release|Any CPU.Build.0 = Debug|Any CPU
		{081AC4CD-BD84-4B09-8059-2628E42D3E3E}.Debug|Any CPU.ActiveCfg = Debug|Any CPU
		{081AC4CD-BD84-4B09-8059-2628E42D3E3E}.Debug|Any CPU.Build.0 = Debug|Any CPU
		{081AC4CD-BD84-4B09-8059-2628E42D3E3E}.Release|Any CPU.ActiveCfg = Release|Any CPU
		{081AC4CD-BD84-4B09-8059-2628E42D3E3E}.Release|Any CPU.Build.0 = Release|Any CPU
		{227EA85B-C726-4D45-A2DC-17DE4B028B2E}.Debug|Any CPU.ActiveCfg = Debug|Any CPU
		{227EA85B-C726-4D45-A2DC-17DE4B028B2E}.Debug|Any CPU.Build.0 = Debug|Any CPU
		{227EA85B-C726-4D45-A2DC-17DE4B028B2E}.Release|Any CPU.ActiveCfg = Release|Any CPU
		{227EA85B-C726-4D45-A2DC-17DE4B028B2E}.Release|Any CPU.Build.0 = Release|Any CPU
		{6912E728-5B33-4E9A-84D5-2D77CF816979}.Debug|Any CPU.ActiveCfg = Debug|Any CPU
		{6912E728-5B33-4E9A-84D5-2D77CF816979}.Debug|Any CPU.Build.0 = Debug|Any CPU
		{6912E728-5B33-4E9A-84D5-2D77CF816979}.Release|Any CPU.ActiveCfg = Release|Any CPU
		{6912E728-5B33-4E9A-84D5-2D77CF816979}.Release|Any CPU.Build.0 = Release|Any CPU
		{2C9EFF3B-4427-4919-B65E-4E3BD7707F64}.Debug|Any CPU.ActiveCfg = Debug|Any CPU
		{2C9EFF3B-4427-4919-B65E-4E3BD7707F64}.Debug|Any CPU.Build.0 = Debug|Any CPU
		{2C9EFF3B-4427-4919-B65E-4E3BD7707F64}.Release|Any CPU.ActiveCfg = Release|Any CPU
		{2C9EFF3B-4427-4919-B65E-4E3BD7707F64}.Release|Any CPU.Build.0 = Release|Any CPU
		{71F79DF7-7AEA-4330-AD29-B8AE506A863C}.Debug|Any CPU.ActiveCfg = Debug|Any CPU
		{71F79DF7-7AEA-4330-AD29-B8AE506A863C}.Debug|Any CPU.Build.0 = Debug|Any CPU
		{71F79DF7-7AEA-4330-AD29-B8AE506A863C}.Release|Any CPU.ActiveCfg = Release|Any CPU
		{71F79DF7-7AEA-4330-AD29-B8AE506A863C}.Release|Any CPU.Build.0 = Release|Any CPU
		{C9F8B812-AF03-4FC3-A221-B1396887F0BA}.Debug|Any CPU.ActiveCfg = Debug|Any CPU
		{C9F8B812-AF03-4FC3-A221-B1396887F0BA}.Debug|Any CPU.Build.0 = Debug|Any CPU
		{C9F8B812-AF03-4FC3-A221-B1396887F0BA}.Release|Any CPU.ActiveCfg = Release|Any CPU
		{C9F8B812-AF03-4FC3-A221-B1396887F0BA}.Release|Any CPU.Build.0 = Release|Any CPU
		{1674BCD0-7FEE-436B-82CA-331B359F2BBF}.Debug|Any CPU.ActiveCfg = Debug|Any CPU
		{1674BCD0-7FEE-436B-82CA-331B359F2BBF}.Debug|Any CPU.Build.0 = Debug|Any CPU
		{1674BCD0-7FEE-436B-82CA-331B359F2BBF}.Release|Any CPU.ActiveCfg = Release|Any CPU
		{1674BCD0-7FEE-436B-82CA-331B359F2BBF}.Release|Any CPU.Build.0 = Release|Any CPU
		{C85DB6E9-F085-4E23-8BD6-F0636DF0FBCA}.Debug|Any CPU.ActiveCfg = Debug|Any CPU
		{C85DB6E9-F085-4E23-8BD6-F0636DF0FBCA}.Debug|Any CPU.Build.0 = Debug|Any CPU
		{C85DB6E9-F085-4E23-8BD6-F0636DF0FBCA}.Release|Any CPU.ActiveCfg = Release|Any CPU
		{C85DB6E9-F085-4E23-8BD6-F0636DF0FBCA}.Release|Any CPU.Build.0 = Release|Any CPU
		{4B1B6CAD-CE69-48B4-B9E1-1119867ECF35}.Debug|Any CPU.ActiveCfg = Debug|Any CPU
		{4B1B6CAD-CE69-48B4-B9E1-1119867ECF35}.Debug|Any CPU.Build.0 = Debug|Any CPU
		{4B1B6CAD-CE69-48B4-B9E1-1119867ECF35}.Release|Any CPU.ActiveCfg = Release|Any CPU
		{4B1B6CAD-CE69-48B4-B9E1-1119867ECF35}.Release|Any CPU.Build.0 = Release|Any CPU
		{F950B94C-F043-45D6-A6CA-2760EA928635}.Debug|Any CPU.ActiveCfg = Debug|Any CPU
		{F950B94C-F043-45D6-A6CA-2760EA928635}.Debug|Any CPU.Build.0 = Debug|Any CPU
		{F950B94C-F043-45D6-A6CA-2760EA928635}.Release|Any CPU.ActiveCfg = Release|Any CPU
		{F950B94C-F043-45D6-A6CA-2760EA928635}.Release|Any CPU.Build.0 = Release|Any CPU
		{102C68F0-1BFB-4695-90F5-9DE347DEAD35}.Debug|Any CPU.ActiveCfg = Debug|Any CPU
		{102C68F0-1BFB-4695-90F5-9DE347DEAD35}.Debug|Any CPU.Build.0 = Debug|Any CPU
		{102C68F0-1BFB-4695-90F5-9DE347DEAD35}.Release|Any CPU.ActiveCfg = Release|Any CPU
		{102C68F0-1BFB-4695-90F5-9DE347DEAD35}.Release|Any CPU.Build.0 = Release|Any CPU
	EndGlobalSection
	GlobalSection(SolutionProperties) = preSolution
		HideSolutionNode = FALSE
	EndGlobalSection
	GlobalSection(NestedProjects) = preSolution
		{2C9EFF3B-4427-4919-B65E-4E3BD7707F64} = {7418D6A2-76AA-451D-A710-0F25AF869594}
		{71F79DF7-7AEA-4330-AD29-B8AE506A863C} = {7418D6A2-76AA-451D-A710-0F25AF869594}
		{C9F8B812-AF03-4FC3-A221-B1396887F0BA} = {7418D6A2-76AA-451D-A710-0F25AF869594}
		{1674BCD0-7FEE-436B-82CA-331B359F2BBF} = {7418D6A2-76AA-451D-A710-0F25AF869594}
		{C85DB6E9-F085-4E23-8BD6-F0636DF0FBCA} = {7418D6A2-76AA-451D-A710-0F25AF869594}
		{4B1B6CAD-CE69-48B4-B9E1-1119867ECF35} = {7418D6A2-76AA-451D-A710-0F25AF869594}
		{F950B94C-F043-45D6-A6CA-2760EA928635} = {7418D6A2-76AA-451D-A710-0F25AF869594}
	EndGlobalSection
EndGlobal
